<?xml version="1.0" encoding="UTF-8" standalone="yes" ?>
<CodeBlocks_project_file>
	<FileVersion major="1" minor="6" />
	<Project>
		<Option title="ProjectTest" />
		<Option pch_mode="2" />
		<Option compiler="gcc" />
		<Build>
			<Target title="Debug">
				<Option output="bin/Debug/ProjectTest" prefix_auto="1" extension_auto="1" />
				<Option object_output="obj/Debug/" />
				<Option type="1" />
				<Option compiler="gcc" />
				<Compiler>
					<Add option="-g" />
					<Add directory="src/Core" />
					<Add directory="src/Graphics" />
					<Add directory="src/Physics" />
					<Add directory="D:/CodeBlocks/ThiefGame/src/Object" />
					<Add directory="src/Characters" />
					<Add directory="src" />
				</Compiler>
			</Target>
			<Target title="Release">
				<Option output="bin/Release/ProjectTest" prefix_auto="1" extension_auto="1" />
				<Option object_output="obj/Release/" />
				<Option type="1" />
				<Option compiler="gcc" />
				<Compiler>
					<Add option="-O2" />
					<Add directory="src/Core" />
					<Add directory="src/Graphics" />
					<Add directory="src/Physics" />
					<Add directory="src/Characters" />
					<Add directory="src" />
				</Compiler>
				<Linker>
					<Add option="-s" />
				</Linker>
			</Target>
		</Build>
		<Compiler>
			<Add option="-Wall" />
			<Add option="-std=c++17" />
			<Add option="-fexceptions" />
			<Add directory="D:/CodeBlocks/ThiefGame/src/Characters" />
		</Compiler>
		<Linker>
			<Add library="SDL2main" />
			<Add library="SDL2" />
		</Linker>
		<Unit filename="main.cpp" />
		<Unit filename="src/DropPoint.cpp" />
		<Unit filename="src/DropPoint.h" />
		<Unit filename="src/GameFull.cpp" />
		<Unit filename="src/GameFull.h" />
		<Unit filename="src/Graphics.cpp" />
		<Unit filename="src/Graphics.h" />
		<Unit filename="src/House.cpp" />
		<Unit filename="src/House.h" />
		<Unit filename="src/Item.cpp" />
		<Unit filename="src/Item.h" />
		<Unit filename="src/Thief.cpp" />
		<Unit filename="src/Thief.h" />
		<Unit filename="src/defs.h" />
		<Extensions>
			<lib_finder disable_auto="1" />
		</Extensions>
	</Project>
</CodeBlocks_project_file>
